{
    "_readme": [
        "This file locks the dependencies of your project to a known state",
        "Read more about it at https://getcomposer.org/doc/01-basic-usage.md#composer-lock-the-lock-file",
        "This file is @generated automatically"
    ],
    "hash": "3bcb67044a52d6c4095d7132542697dd",
    "content-hash": "7ba50f764ad6e88144f86b29bb7db1fb",
    "packages": [
        {
            "name": "blackfire/php-sdk",
            "version": "v1.5.12",
            "source": {
                "type": "git",
                "url": "https://github.com/blackfireio/php-sdk.git",
                "reference": "fee598740a7927db7781e645d279142a7a77bb4b"
            },
            "dist": {
                "type": "zip",
                "url": "https://api.github.com/repos/blackfireio/php-sdk/zipball/fee598740a7927db7781e645d279142a7a77bb4b",
                "reference": "fee598740a7927db7781e645d279142a7a77bb4b",
                "shasum": ""
            },
            "require": {
                "php": ">=5.2.0"
            },
            "suggest": {
                "ext-blackfire": "The C version of the Blackfire probe",
                "ext-xhprof": "XHProf is required as a fallback"
            },
            "type": "library",
            "extra": {
                "branch-alias": {
                    "dev-master": "1.5.x-dev"
                }
            },
            "autoload": {
                "files": [
                    "src/autostart.php"
                ],
                "psr-4": {
                    "Blackfire\\": "src/Blackfire"
                }
            },
            "notification-url": "https://packagist.org/downloads/",
            "license": [
                "MIT"
            ],
            "authors": [
                {
                    "name": "Blackfire.io",
                    "email": "support@blackfire.io"
                }
            ],
            "description": "Blackfire.io PHP SDK",
            "keywords": [
                "performance",
                "profiler",
                "uprofiler",
                "xhprof"
            ],
            "time": "2016-03-17 15:37:22"
        },
        {
            "name": "json-schema/JSON-Schema-Test-Suite",
            "version": "1.1.0",
            "source": {
                "type": "git",
                "url": "https://github.com/json-schema/JSON-Schema-Test-Suite",
                "reference": "1.1.0"
            },
            "type": "library"
        },
        {
            "name": "justinrainbow/json-schema",
            "version": "2.0.1",
            "source": {
                "type": "git",
                "url": "https://github.com/justinrainbow/json-schema.git",
                "reference": "9ef71fdf8aa59a93977446468fc718ea01115a83"
            },
            "dist": {
                "type": "zip",
                "url": "https://api.github.com/repos/justinrainbow/json-schema/zipball/9ef71fdf8aa59a93977446468fc718ea01115a83",
                "reference": "9ef71fdf8aa59a93977446468fc718ea01115a83",
                "shasum": ""
            },
            "require": {
                "php": ">=5.3.3"
            },
            "require-dev": {
                "json-schema/json-schema-test-suite": "1.1.0",
                "phpdocumentor/phpdocumentor": "~2",
                "phpunit/phpunit": "^4.8.22"
            },
            "bin": [
                "bin/validate-json"
            ],
            "type": "library",
            "extra": {
                "branch-alias": {
                    "dev-master": "2.0.x-dev"
                }
            },
            "autoload": {
                "psr-4": {
                    "JsonSchema\\": "src/JsonSchema/"
                }
            },
            "notification-url": "https://packagist.org/downloads/",
            "license": [
                "MIT"
            ],
            "authors": [
                {
                    "name": "Bruno Prieto Reis",
                    "email": "bruno.p.reis@gmail.com"
                },
                {
                    "name": "Justin Rainbow",
                    "email": "justin.rainbow@gmail.com"
                },
                {
                    "name": "Igor Wiedler",
                    "email": "igor@wiedler.ch"
                },
                {
                    "name": "Robert Schönthal",
                    "email": "seroscho@googlemail.com"
                }
            ],
            "description": "A library to validate a json schema.",
            "homepage": "https://github.com/justinrainbow/json-schema",
            "keywords": [
                "json",
                "schema"
            ],
            "time": "2016-04-28 14:34:47"
        },
        {
            "name": "league/json-guard",
            "version": "v0.2.0",
            "source": {
                "type": "git",
                "url": "https://github.com/thephpleague/json-guard.git",
                "reference": "820ea5f59678d0f37a757831d539ceadbc2bff1c"
            },
            "require": {
                "php": ">=5.5.0"
            },
            "require-dev": {
                "ext-curl": "*",
                "json-schema/json-schema-test-suite": "1.1.0",
                "phpunit/phpunit": "4.*",
                "scrutinizer/ocular": "~1.1",
                "squizlabs/php_codesniffer": "~2.3"
            },
            "suggest": {
                "ext-bcmath": "Required to properly check type constraints for numbers larger than PHP_INT_MAX."
            },
            "type": "library",
            "extra": {
                "branch-alias": {
                    "dev-master": "1.0-dev"
                }
            },
            "autoload": {
                "psr-4": {
                    "League\\JsonGuard\\": "src"
                },
                "files": [
                    "src/functions.php"
                ]
            },
            "autoload-dev": {
                "psr-4": {
                    "League\\JsonGuard\\Test\\": "tests"
                },
                "files": [
                    "tests/helpers.php"
                ]
            },
            "scripts": {
                "test": [
                    "phpunit"
                ],
                "cs": [
                    "phpcs --standard=psr2 src/"
                ]
            },
            "license": [
                "MIT"
            ],
            "authors": [
                {
                    "name": "Matthew Allan",
                    "email": "matthew.james.allan@gmail.com",
                    "homepage": "https://mattallan.org",
                    "role": "Developer"
                }
            ],
            "description": "A validator for JSON using json-schema.",
            "homepage": "https://github.com/thephpleague/json-guard",
            "keywords": [
                "Validation",
                "json",
                "json-schema",
                "json-schema.org",
                "schema"
            ],
            "time": "2016-05-04 15:45:55"
        },
        {
            "name": "twig/twig",
            "version": "v1.24.0",
            "source": {
                "type": "git",
                "url": "https://github.com/twigphp/Twig.git",
                "reference": "3e5aa30ebfbafd5951fb1b01e338e1800ce7e0e8"
            },
            "dist": {
                "type": "zip",
                "url": "https://api.github.com/repos/twigphp/Twig/zipball/3e5aa30ebfbafd5951fb1b01e338e1800ce7e0e8",
                "reference": "3e5aa30ebfbafd5951fb1b01e338e1800ce7e0e8",
                "shasum": ""
            },
            "require": {
                "php": ">=5.2.7"
            },
            "require-dev": {
                "symfony/debug": "~2.7",
                "symfony/phpunit-bridge": "~2.7"
            },
            "type": "library",
            "extra": {
                "branch-alias": {
                    "dev-master": "1.24-dev"
                }
            },
            "autoload": {
                "psr-0": {
                    "Twig_": "lib/"
                }
            },
            "notification-url": "https://packagist.org/downloads/",
            "license": [
                "BSD-3-Clause"
            ],
            "authors": [
                {
                    "name": "Fabien Potencier",
                    "email": "fabien@symfony.com",
                    "homepage": "http://fabien.potencier.org",
                    "role": "Lead Developer"
                },
                {
                    "name": "Armin Ronacher",
                    "email": "armin.ronacher@active-4.com",
                    "role": "Project Founder"
                },
                {
                    "name": "Twig Team",
                    "homepage": "http://twig.sensiolabs.org/contributors",
                    "role": "Contributors"
                }
            ],
            "description": "Twig, the flexible, fast, and secure template language for PHP",
            "homepage": "http://twig.sensiolabs.org",
            "keywords": [
                "templating"
            ],
            "time": "2016-01-25 21:22:18"
        },
        {
            "name": "yuloh/neko",
            "version": "0.1.0",
            "source": {
                "type": "git",
                "url": "https://github.com/yuloh/neko.git",
                "reference": "7c138d723fb78c72860128e91f24949007d2dd61"
            },
            "dist": {
                "type": "zip",
                "url": "https://api.github.com/repos/yuloh/neko/zipball/7c138d723fb78c72860128e91f24949007d2dd61",
                "reference": "7c138d723fb78c72860128e91f24949007d2dd61",
                "shasum": ""
            },
            "require": {
                "php": ">=5.6.4"
            },
            "require-dev": {
                "phpunit/phpunit": "^5.2"
            },
            "type": "library",
            "autoload": {
                "psr-4": {
                    "Yuloh\\Neko\\": "src"
                },
                "files": [
                    "src/functions.php"
                ]
            },
            "notification-url": "https://packagist.org/downloads/",
            "license": [
                "MIT"
            ],
            "authors": [
                {
                    "name": "Matt Allan",
                    "email": "matthew.james.allan@gmail.com"
                }
            ],
            "description": "Simple helpers for case transformations.",
            "time": "2016-03-21 04:34:38"
        }
    ],
    "packages-dev": [],
    "aliases": [],
    "minimum-stability": "stable",
    "stability-flags": {
        "league/json-guard": 20
    },
    "prefer-stable": false,
    "prefer-lowest": false,
    "platform": [],
    "platform-dev": []
}
